
Microsoft Visual Studio Solution File, Format Version 12.00
Project("{FAE04EC0-301F-11D3-BF4B-00C04F79EFBC}") = "SingletonDesign", "SingletonDesign\SingletonDesign.csproj", "{047ED05C-0D31-411E-A805-10EB7A9342E0}"
EndProject
Global
	GlobalSection(SolutionConfigurationPlatforms) = preSolution
		Debug|Any CPU = Debug|Any CPU
		Release|Any CPU = Release|Any CPU
	EndGlobalSection
	GlobalSection(ProjectConfigurationPlatforms) = postSolution
		{047ED05C-0D31-411E-A805-10EB7A9342E0}.Debug|Any CPU.ActiveCfg = Debug|Any CPU
		{047ED05C-0D31-411E-A805-10EB7A9342E0}.Debug|Any CPU.Build.0 = Debug|Any CPU
		{047ED05C-0D31-411E-A805-10EB7A9342E0}.Release|Any CPU.ActiveCfg = Release|Any CPU
		{047ED05C-0D31-411E-A805-10EB7A9342E0}.Release|Any CPU.Build.0 = Release|Any CPU
	EndGlobalSection
EndGlobal
